<Solution>
  <Folder Name="/Solution Items/">
    <File Path=".editorconfig" />
    <File Path=".gitignore" />
    <File Path="Directory.Build.props" />
    <File Path="Directory.Packages.props" />
  </Folder>
  <Folder Name="/Solution Items/infra/">
    <File Path="infra/main.bicep" />
    <File Path="infra/main.parameters.json" />
    <File Path="infra/resources.bicep" />
  </Folder>
  <Folder Name="/src/">
    <Project Path="src/Api.Bootstrapper/Api.Bootstrapper.csproj" />
<Project Path="src/Contracts/Contracts.csproj" />
    <Project Path="src/Shared/Shared.csproj" />
    <Project Path="src/Web.Frontend/Web.Frontend.csproj" />
  </Folder>
  <Folder Name="/src/aspire/">
    <Project Path="src/aspire/Aspire.AppHost/Aspire.AppHost.csproj" />
    <Project Path="src/aspire/Aspire.ServiceDefaults/Aspire.ServiceDefaults.csproj" />
  </Folder>
  <Folder Name="/src/Modules/">
    <Project Path="src/Modules/Identity/Identity.csproj" />
    <Project Path="src/Modules/Gameplay/Gameplay.csproj" />
    <Project Path="src/Modules/Statistics/Statistics.csproj" />
  </Folder>
  <Folder Name="/tests/">
    <Project Path="tests/ArchitectureTests/ArchitectureTests.csproj" />
    <Project Path="tests/E2ETests/E2ETests.csproj" />
    <Project Path="tests/Gameplay.UnitTests/Gameplay.UnitTests.csproj" />
    <Project Path="tests/Identity.UnitTests/Identity.UnitTests.csproj" />
    <Project Path="tests/IntegrationTests/IntegrationTests.csproj" />
    <Project Path="tests/Web.Frontend.ComponentTests/Web.Frontend.ComponentTests.csproj" />
  </Folder>
</Solution>
